# This file is automatically @generated by Cargo.
# It is not intended for manual editing.
version = 4

[[package]]
name = "gloprs-cli"
version = "0.1.0"
dependencies = [
 "gloprs-glop",
]

[[package]]
name = "gloprs-glop"
version = "0.1.0"
dependencies = [
 "gloprs-lp-data",
]

[[package]]
name = "gloprs-lp-data"
version = "0.1.0"
